
Microsoft Visual Studio Solution File, Format Version 12.00
# Visual Studio 15
VisualStudioVersion = 15.0.26403.0
MinimumVisualStudioVersion = 10.0.40219.1
Project("{D954291E-2A0B-460D-934E-DC6B0785DB48}") = "HelloWorld", "HelloWorld\HelloWorld\HelloWorld.shproj", "{862B3BAC-324E-4284-BC51-95AB5E5066D6}"
EndProject
Project("{FAE04EC0-301F-11D3-BF4B-00C04F79EFBC}") = "HelloWorld.Android", "HelloWorld\HelloWorld.Android\HelloWorld.Android.csproj", "{9559DB97-7799-42ED-873E-E0C88DB07618}"
EndProject
Project("{FAE04EC0-301F-11D3-BF4B-00C04F79EFBC}") = "HelloWorld.iOS", "HelloWorld\HelloWorld.iOS\HelloWorld.iOS.csproj", "{F4A3CB14-6762-49BD-8DB9-2648E6DC941C}"
EndProject
Global
	GlobalSection(SharedMSBuildProjectFiles) = preSolution
		HelloWorld\HelloWorld\HelloWorld.projitems*{862b3bac-324e-4284-bc51-95ab5e5066d6}*SharedItemsImports = 13
		HelloWorld\HelloWorld\HelloWorld.projitems*{9559db97-7799-42ed-873e-e0c88db07618}*SharedItemsImports = 4
		HelloWorld\HelloWorld\HelloWorld.projitems*{f4a3cb14-6762-49bd-8db9-2648e6dc941c}*SharedItemsImports = 4
	EndGlobalSection
	GlobalSection(SolutionConfigurationPlatforms) = preSolution
		Ad-Hoc|Any CPU = Ad-Hoc|Any CPU
		Ad-Hoc|iPhone = Ad-Hoc|iPhone
		Ad-Hoc|iPhoneSimulator = Ad-Hoc|iPhoneSimulator
		AppStore|Any CPU = AppStore|Any CPU
		AppStore|iPhone = AppStore|iPhone
		AppStore|iPhoneSimulator = AppStore|iPhoneSimulator
		Debug|Any CPU = Debug|Any CPU
		Debug|iPhone = Debug|iPhone
		Debug|iPhoneSimulator = Debug|iPhoneSimulator
		Release|Any CPU = Release|Any CPU
		Release|iPhone = Release|iPhone
		Release|iPhoneSimulator = Release|iPhoneSimulator
	EndGlobalSection
	GlobalSection(ProjectConfigurationPlatforms) = postSolution
		{9559DB97-7799-42ED-873E-E0C88DB07618}.Ad-Hoc|Any CPU.ActiveCfg = Release|Any CPU
		{9559DB97-7799-42ED-873E-E0C88DB07618}.Ad-Hoc|Any CPU.Build.0 = Release|Any CPU
		{9559DB97-7799-42ED-873E-E0C88DB07618}.Ad-Hoc|Any CPU.Deploy.0 = Release|Any CPU
		{9559DB97-7799-42ED-873E-E0C88DB07618}.Ad-Hoc|iPhone.ActiveCfg = Release|Any CPU
		{9559DB97-7799-42ED-873E-E0C88DB07618}.Ad-Hoc|iPhone.Build.0 = Release|Any CPU
		{9559DB97-7799-42ED-873E-E0C88DB07618}.Ad-Hoc|iPhone.Deploy.0 = Release|Any CPU
		{9559DB97-7799-42ED-873E-E0C88DB07618}.Ad-Hoc|iPhoneSimulator.ActiveCfg = Release|Any CPU
		{9559DB97-7799-42ED-873E-E0C88DB07618}.Ad-Hoc|iPhoneSimulator.Build.0 = Release|Any CPU
		{9559DB97-7799-42ED-873E-E0C88DB07618}.Ad-Hoc|iPhoneSimulator.Deploy.0 = Release|Any CPU
		{9559DB97-7799-42ED-873E-E0C88DB07618}.AppStore|Any CPU.ActiveCfg = Release|Any CPU
		{9559DB97-7799-42ED-873E-E0C88DB07618}.AppStore|Any CPU.Build.0 = Release|Any CPU
		{9559DB97-7799-42ED-873E-E0C88DB07618}.AppStore|Any CPU.Deploy.0 = Release|Any CPU
		{9559DB97-7799-42ED-873E-E0C88DB07618}.AppStore|iPhone.ActiveCfg = Release|Any CPU
		{9559DB97-7799-42ED-873E-E0C88DB07618}.AppStore|iPhone.Build.0 = Release|Any CPU
		{9559DB97-7799-42ED-873E-E0C88DB07618}.AppStore|iPhone.Deploy.0 = Release|Any CPU
		{9559DB97-7799-42ED-873E-E0C88DB07618}.AppStore|iPhoneSimulator.ActiveCfg = Release|Any CPU
		{9559DB97-7799-42ED-873E-E0C88DB07618}.AppStore|iPhoneSimulator.Build.0 = Release|Any CPU
		{9559DB97-7799-42ED-873E-E0C88DB07618}.AppStore|iPhoneSimulator.Deploy.0 = Release|Any CPU
		{9559DB97-7799-42ED-873E-E0C88DB07618}.Debug|Any CPU.ActiveCfg = Debug|Any CPU
		{9559DB97-7799-42ED-873E-E0C88DB07618}.Debug|Any CPU.Build.0 = Debug|Any CPU
		{9559DB97-7799-42ED-873E-E0C88DB07618}.Debug|Any CPU.Deploy.0 = Debug|Any CPU
		{9559DB97-7799-42ED-873E-E0C88DB07618}.Debug|iPhone.ActiveCfg = Debug|Any CPU
		{9559DB97-7799-42ED-873E-E0C88DB07618}.Debug|iPhone.Build.0 = Debug|Any CPU
		{9559DB97-7799-42ED-873E-E0C88DB07618}.Debug|iPhone.Deploy.0 = Debug|Any CPU
		{9559DB97-7799-42ED-873E-E0C88DB07618}.Debug|iPhoneSimulator.ActiveCfg = Debug|Any CPU
		{9559DB97-7799-42ED-873E-E0C88DB07618}.Debug|iPhoneSimulator.Build.0 = Debug|Any CPU
		{9559DB97-7799-42ED-873E-E0C88DB07618}.Debug|iPhoneSimulator.Deploy.0 = Debug|Any CPU
		{9559DB97-7799-42ED-873E-E0C88DB07618}.Release|Any CPU.ActiveCfg = Release|Any CPU
		{9559DB97-7799-42ED-873E-E0C88DB07618}.Release|Any CPU.Build.0 = Release|Any CPU
		{9559DB97-7799-42ED-873E-E0C88DB07618}.Release|Any CPU.Deploy.0 = Release|Any CPU
		{9559DB97-7799-42ED-873E-E0C88DB07618}.Release|iPhone.ActiveCfg = Release|Any CPU
		{9559DB97-7799-42ED-873E-E0C88DB07618}.Release|iPhone.Build.0 = Release|Any CPU
		{9559DB97-7799-42ED-873E-E0C88DB07618}.Release|iPhone.Deploy.0 = Release|Any CPU
		{9559DB97-7799-42ED-873E-E0C88DB07618}.Release|iPhoneSimulator.ActiveCfg = Release|Any CPU
		{9559DB97-7799-42ED-873E-E0C88DB07618}.Release|iPhoneSimulator.Build.0 = Release|Any CPU
		{9559DB97-7799-42ED-873E-E0C88DB07618}.Release|iPhoneSimulator.Deploy.0 = Release|Any CPU
		{F4A3CB14-6762-49BD-8DB9-2648E6DC941C}.Ad-Hoc|Any CPU.ActiveCfg = Ad-Hoc|iPhone
		{F4A3CB14-6762-49BD-8DB9-2648E6DC941C}.Ad-Hoc|iPhone.ActiveCfg = Ad-Hoc|iPhone
		{F4A3CB14-6762-49BD-8DB9-2648E6DC941C}.Ad-Hoc|iPhone.Build.0 = Ad-Hoc|iPhone
		{F4A3CB14-6762-49BD-8DB9-2648E6DC941C}.Ad-Hoc|iPhoneSimulator.ActiveCfg = Ad-Hoc|iPhoneSimulator
		{F4A3CB14-6762-49BD-8DB9-2648E6DC941C}.Ad-Hoc|iPhoneSimulator.Build.0 = Ad-Hoc|iPhoneSimulator
		{F4A3CB14-6762-49BD-8DB9-2648E6DC941C}.AppStore|Any CPU.ActiveCfg = AppStore|iPhone
		{F4A3CB14-6762-49BD-8DB9-2648E6DC941C}.AppStore|iPhone.ActiveCfg = AppStore|iPhone
		{F4A3CB14-6762-49BD-8DB9-2648E6DC941C}.AppStore|iPhone.Build.0 = AppStore|iPhone
		{F4A3CB14-6762-49BD-8DB9-2648E6DC941C}.AppStore|iPhoneSimulator.ActiveCfg = AppStore|iPhoneSimulator
		{F4A3CB14-6762-49BD-8DB9-2648E6DC941C}.AppStore|iPhoneSimulator.Build.0 = AppStore|iPhoneSimulator
		{F4A3CB14-6762-49BD-8DB9-2648E6DC941C}.Debug|Any CPU.ActiveCfg = Debug|iPhone
		{F4A3CB14-6762-49BD-8DB9-2648E6DC941C}.Debug|iPhone.ActiveCfg = Debug|iPhone
		{F4A3CB14-6762-49BD-8DB9-2648E6DC941C}.Debug|iPhone.Build.0 = Debug|iPhone
		{F4A3CB14-6762-49BD-8DB9-2648E6DC941C}.Debug|iPhoneSimulator.ActiveCfg = Debug|iPhoneSimulator
		{F4A3CB14-6762-49BD-8DB9-2648E6DC941C}.Debug|iPhoneSimulator.Build.0 = Debug|iPhoneSimulator
		{F4A3CB14-6762-49BD-8DB9-2648E6DC941C}.Release|Any CPU.ActiveCfg = Release|iPhone
		{F4A3CB14-6762-49BD-8DB9-2648E6DC941C}.Release|iPhone.ActiveCfg = Release|iPhone
		{F4A3CB14-6762-49BD-8DB9-2648E6DC941C}.Release|iPhone.Build.0 = Release|iPhone
		{F4A3CB14-6762-49BD-8DB9-2648E6DC941C}.Release|iPhoneSimulator.ActiveCfg = Release|iPhoneSimulator
		{F4A3CB14-6762-49BD-8DB9-2648E6DC941C}.Release|iPhoneSimulator.Build.0 = Release|iPhoneSimulator
	EndGlobalSection
	GlobalSection(SolutionProperties) = preSolution
		HideSolutionNode = FALSE
	EndGlobalSection
EndGlobal
